// !$*UTF8*$!
{
	archiveVersion = 1;
	classes = {
	};
	objectVersion = 56;
	objects = {

/* Begin PBXBuildFile section */
		1586ECA32AE3FCC300055040 /* CommunityView.swift in Sources */ = {isa = PBXBuildFile; fileRef = 1586ECA22AE3FCC300055040 /* CommunityView.swift */; };
		1586ECA52AE3FF4C00055040 /* TagCell.swift in Sources */ = {isa = PBXBuildFile; fileRef = 1586ECA42AE3FF4C00055040 /* TagCell.swift */; };
		1586ECA72AE404F500055040 /* PostCell.swift in Sources */ = {isa = PBXBuildFile; fileRef = 1586ECA62AE404F500055040 /* PostCell.swift */; };
		1586ECA92AE40FD100055040 /* Date.swift in Sources */ = {isa = PBXBuildFile; fileRef = 1586ECA82AE40FD100055040 /* Date.swift */; };
		1586ECAB2AE4160000055040 /* UIImage.swift in Sources */ = {isa = PBXBuildFile; fileRef = 1586ECAA2AE4160000055040 /* UIImage.swift */; };
		1586ECAD2AE41F2200055040 /* WriteView.swift in Sources */ = {isa = PBXBuildFile; fileRef = 1586ECAC2AE41F2200055040 /* WriteView.swift */; };
		1596DCA32AD6B18A00E6D388 /* AppDelegate.swift in Sources */ = {isa = PBXBuildFile; fileRef = 1596DCA22AD6B18A00E6D388 /* AppDelegate.swift */; };
		1596DCA52AD6B18A00E6D388 /* SceneDelegate.swift in Sources */ = {isa = PBXBuildFile; fileRef = 1596DCA42AD6B18A00E6D388 /* SceneDelegate.swift */; };
		1596DCA72AD6B18A00E6D388 /* ViewController.swift in Sources */ = {isa = PBXBuildFile; fileRef = 1596DCA62AD6B18A00E6D388 /* ViewController.swift */; };
		1596DCAC2AD6B18B00E6D388 /* Assets.xcassets in Resources */ = {isa = PBXBuildFile; fileRef = 1596DCAB2AD6B18B00E6D388 /* Assets.xcassets */; };
		1596DCAF2AD6B18B00E6D388 /* LaunchScreen.storyboard in Resources */ = {isa = PBXBuildFile; fileRef = 1596DCAD2AD6B18B00E6D388 /* LaunchScreen.storyboard */; };
		1596DCB72AD6B1A300E6D388 /* .gitignore in Resources */ = {isa = PBXBuildFile; fileRef = 1596DCB62AD6B1A300E6D388 /* .gitignore */; };
		1596DCBB2AD6B20000E6D388 /* BaseViewController.swift in Sources */ = {isa = PBXBuildFile; fileRef = 1596DCBA2AD6B20000E6D388 /* BaseViewController.swift */; };
		1596DCBE2AD6B23100E6D388 /* LoginViewController.swift in Sources */ = {isa = PBXBuildFile; fileRef = 1596DCBD2AD6B23100E6D388 /* LoginViewController.swift */; };
		1596DCC12AD6B25100E6D388 /* RegisterViewController.swift in Sources */ = {isa = PBXBuildFile; fileRef = 1596DCC02AD6B25100E6D388 /* RegisterViewController.swift */; };
		1596DCC42AD6B28D00E6D388 /* QuizIntroViewController.swift in Sources */ = {isa = PBXBuildFile; fileRef = 1596DCC32AD6B28D00E6D388 /* QuizIntroViewController.swift */; };
		1596DCC62AD6B2A300E6D388 /* QuizViewController.swift in Sources */ = {isa = PBXBuildFile; fileRef = 1596DCC52AD6B2A300E6D388 /* QuizViewController.swift */; };
		1596DCC92AD6B2BD00E6D388 /* SearchViewController.swift in Sources */ = {isa = PBXBuildFile; fileRef = 1596DCC82AD6B2BD00E6D388 /* SearchViewController.swift */; };
		1596DCCC2AD6B2CF00E6D388 /* DetailViewController.swift in Sources */ = {isa = PBXBuildFile; fileRef = 1596DCCB2AD6B2CF00E6D388 /* DetailViewController.swift */; };
		1596DCCF2AD6B2F400E6D388 /* ProfileViewController.swift in Sources */ = {isa = PBXBuildFile; fileRef = 1596DCCE2AD6B2F400E6D388 /* ProfileViewController.swift */; };
		1596DCD22AD6B31F00E6D388 /* SnapKit in Frameworks */ = {isa = PBXBuildFile; productRef = 1596DCD12AD6B31F00E6D388 /* SnapKit */; };
		1596DCD72AD6B32900E6D388 /* Then in Frameworks */ = {isa = PBXBuildFile; productRef = 1596DCD62AD6B32900E6D388 /* Then */; };
		1596DCDA2AD6B33700E6D388 /* Gifu in Frameworks */ = {isa = PBXBuildFile; productRef = 1596DCD92AD6B33700E6D388 /* Gifu */; };
		1596DCDC2AD79EB700E6D388 /* TabbarController.swift in Sources */ = {isa = PBXBuildFile; fileRef = 1596DCDB2AD79EB700E6D388 /* TabbarController.swift */; };
		1596DCDE2AD7B7D800E6D388 /* MainView.swift in Sources */ = {isa = PBXBuildFile; fileRef = 1596DCDD2AD7B7D800E6D388 /* MainView.swift */; };
		1596DCE22AD7E45500E6D388 /* RecentItemCell.swift in Sources */ = {isa = PBXBuildFile; fileRef = 1596DCE12AD7E45500E6D388 /* RecentItemCell.swift */; };
		1596DCE42AD800A300E6D388 /* RecommendItemCell.swift in Sources */ = {isa = PBXBuildFile; fileRef = 1596DCE32AD800A300E6D388 /* RecommendItemCell.swift */; };
		159B78C02ADD56E900FE210E /* Etiquette.swift in Sources */ = {isa = PBXBuildFile; fileRef = 159B78BF2ADD56E900FE210E /* Etiquette.swift */; };
		159B78C32ADD573B00FE210E /* User.swift in Sources */ = {isa = PBXBuildFile; fileRef = 159B78C22ADD573B00FE210E /* User.swift */; };
		159B78C52ADD57A700FE210E /* Quiz.swift in Sources */ = {isa = PBXBuildFile; fileRef = 159B78C42ADD57A700FE210E /* Quiz.swift */; };
		159B78C82ADE10DD00FE210E /* FirebaseAnalytics in Frameworks */ = {isa = PBXBuildFile; productRef = 159B78C72ADE10DD00FE210E /* FirebaseAnalytics */; };
		159B78CA2ADE10DD00FE210E /* FirebaseAnalyticsOnDeviceConversion in Frameworks */ = {isa = PBXBuildFile; productRef = 159B78C92ADE10DD00FE210E /* FirebaseAnalyticsOnDeviceConversion */; };
		159B78CC2ADE10DD00FE210E /* FirebaseAnalyticsSwift in Frameworks */ = {isa = PBXBuildFile; productRef = 159B78CB2ADE10DD00FE210E /* FirebaseAnalyticsSwift */; };
		159B78CE2ADE10DD00FE210E /* FirebaseAnalyticsWithoutAdIdSupport in Frameworks */ = {isa = PBXBuildFile; productRef = 159B78CD2ADE10DD00FE210E /* FirebaseAnalyticsWithoutAdIdSupport */; };
		159B78D02ADE10DD00FE210E /* FirebaseAppCheck in Frameworks */ = {isa = PBXBuildFile; productRef = 159B78CF2ADE10DD00FE210E /* FirebaseAppCheck */; };
		159B78FC2ADE4A7000FE210E /* GoogleService-Info.plist in Resources */ = {isa = PBXBuildFile; fileRef = 159B78FB2ADE4A7000FE210E /* GoogleService-Info.plist */; };
		159B78FE2ADE6DE600FE210E /* FirebaseAnalytics in Frameworks */ = {isa = PBXBuildFile; productRef = 159B78FD2ADE6DE600FE210E /* FirebaseAnalytics */; };
		159B79002ADE6DE600FE210E /* FirebaseAnalyticsOnDeviceConversion in Frameworks */ = {isa = PBXBuildFile; productRef = 159B78FF2ADE6DE600FE210E /* FirebaseAnalyticsOnDeviceConversion */; };
		159B79022ADE6DE600FE210E /* FirebaseAnalyticsSwift in Frameworks */ = {isa = PBXBuildFile; productRef = 159B79012ADE6DE600FE210E /* FirebaseAnalyticsSwift */; };
		159B79042ADE6DE600FE210E /* FirebaseAnalyticsWithoutAdIdSupport in Frameworks */ = {isa = PBXBuildFile; productRef = 159B79032ADE6DE600FE210E /* FirebaseAnalyticsWithoutAdIdSupport */; };
		159B79062ADE6DE600FE210E /* FirebaseAppCheck in Frameworks */ = {isa = PBXBuildFile; productRef = 159B79052ADE6DE600FE210E /* FirebaseAppCheck */; };
		159B79082ADE6DE600FE210E /* FirebaseAppDistribution-Beta in Frameworks */ = {isa = PBXBuildFile; productRef = 159B79072ADE6DE600FE210E /* FirebaseAppDistribution-Beta */; };
		159B790A2ADE6DE600FE210E /* FirebaseAuth in Frameworks */ = {isa = PBXBuildFile; productRef = 159B79092ADE6DE600FE210E /* FirebaseAuth */; };
		159B790C2ADE6DE600FE210E /* FirebaseAuthCombine-Community in Frameworks */ = {isa = PBXBuildFile; productRef = 159B790B2ADE6DE600FE210E /* FirebaseAuthCombine-Community */; };
		159B790E2ADE6DE600FE210E /* FirebaseCrashlytics in Frameworks */ = {isa = PBXBuildFile; productRef = 159B790D2ADE6DE600FE210E /* FirebaseCrashlytics */; };
		159B79102ADE6DE600FE210E /* FirebaseDatabase in Frameworks */ = {isa = PBXBuildFile; productRef = 159B790F2ADE6DE600FE210E /* FirebaseDatabase */; };
		159B79122ADE6DE600FE210E /* FirebaseDatabaseSwift in Frameworks */ = {isa = PBXBuildFile; productRef = 159B79112ADE6DE600FE210E /* FirebaseDatabaseSwift */; };
		159B79142ADE6DE600FE210E /* FirebaseDynamicLinks in Frameworks */ = {isa = PBXBuildFile; productRef = 159B79132ADE6DE600FE210E /* FirebaseDynamicLinks */; };
		159B79162ADE6DE600FE210E /* FirebaseFirestore in Frameworks */ = {isa = PBXBuildFile; productRef = 159B79152ADE6DE600FE210E /* FirebaseFirestore */; };
		159B79182ADE6DE600FE210E /* FirebaseFirestoreCombine-Community in Frameworks */ = {isa = PBXBuildFile; productRef = 159B79172ADE6DE600FE210E /* FirebaseFirestoreCombine-Community */; };
		159B791A2ADE6DE600FE210E /* FirebaseFirestoreSwift in Frameworks */ = {isa = PBXBuildFile; productRef = 159B79192ADE6DE600FE210E /* FirebaseFirestoreSwift */; };
		159B791C2ADE6DE600FE210E /* FirebaseFunctions in Frameworks */ = {isa = PBXBuildFile; productRef = 159B791B2ADE6DE600FE210E /* FirebaseFunctions */; };
		159B791E2ADE6DE600FE210E /* FirebaseFunctionsCombine-Community in Frameworks */ = {isa = PBXBuildFile; productRef = 159B791D2ADE6DE600FE210E /* FirebaseFunctionsCombine-Community */; };
		159B79202ADE6DE600FE210E /* FirebaseInAppMessaging-Beta in Frameworks */ = {isa = PBXBuildFile; productRef = 159B791F2ADE6DE600FE210E /* FirebaseInAppMessaging-Beta */; };
		159B79222ADE6DE600FE210E /* FirebaseInAppMessagingSwift-Beta in Frameworks */ = {isa = PBXBuildFile; productRef = 159B79212ADE6DE600FE210E /* FirebaseInAppMessagingSwift-Beta */; };
		159B79242ADE6DE600FE210E /* FirebaseInstallations in Frameworks */ = {isa = PBXBuildFile; productRef = 159B79232ADE6DE600FE210E /* FirebaseInstallations */; };
		159B79262ADE6DE600FE210E /* FirebaseMLModelDownloader in Frameworks */ = {isa = PBXBuildFile; productRef = 159B79252ADE6DE600FE210E /* FirebaseMLModelDownloader */; };
		159B79282ADE6DE600FE210E /* FirebaseMessaging in Frameworks */ = {isa = PBXBuildFile; productRef = 159B79272ADE6DE600FE210E /* FirebaseMessaging */; };
		159B792A2ADE6DE600FE210E /* FirebasePerformance in Frameworks */ = {isa = PBXBuildFile; productRef = 159B79292ADE6DE600FE210E /* FirebasePerformance */; };
		159B792C2ADE6DE600FE210E /* FirebaseRemoteConfig in Frameworks */ = {isa = PBXBuildFile; productRef = 159B792B2ADE6DE600FE210E /* FirebaseRemoteConfig */; };
		159B792E2ADE6DE600FE210E /* FirebaseRemoteConfigSwift in Frameworks */ = {isa = PBXBuildFile; productRef = 159B792D2ADE6DE600FE210E /* FirebaseRemoteConfigSwift */; };
		159B79302ADE6DE600FE210E /* FirebaseStorage in Frameworks */ = {isa = PBXBuildFile; productRef = 159B792F2ADE6DE600FE210E /* FirebaseStorage */; };
		159B79322ADE6DE600FE210E /* FirebaseStorageCombine-Community in Frameworks */ = {isa = PBXBuildFile; productRef = 159B79312ADE6DE600FE210E /* FirebaseStorageCombine-Community */; };
		159B79342ADE75DC00FE210E /* MainViewModel.swift in Sources */ = {isa = PBXBuildFile; fileRef = 159B79332ADE75DC00FE210E /* MainViewModel.swift */; };
		159B79372ADFBAD200FE210E /* ProfileView.swift in Sources */ = {isa = PBXBuildFile; fileRef = 159B79362ADFBAD200FE210E /* ProfileView.swift */; };
		159B79392ADFBB3400FE210E /* ProfileViewModel.swift in Sources */ = {isa = PBXBuildFile; fileRef = 159B79382ADFBB3400FE210E /* ProfileViewModel.swift */; };
		63AB9D5B2AD8E04D008E85BA /* QuizResultViewController.swift in Sources */ = {isa = PBXBuildFile; fileRef = 63AB9D5A2AD8E04D008E85BA /* QuizResultViewController.swift */; };
		63AB9D652ADD097D008E85BA /* QuizStartViewController.swift in Sources */ = {isa = PBXBuildFile; fileRef = 63AB9D642ADD097D008E85BA /* QuizStartViewController.swift */; };
		63AB9D672ADD0990008E85BA /* QuizContentsViewController.swift in Sources */ = {isa = PBXBuildFile; fileRef = 63AB9D662ADD0990008E85BA /* QuizContentsViewController.swift */; };
		63AB9D6B2ADFD558008E85BA /* QuizIntroViewModel.swift in Sources */ = {isa = PBXBuildFile; fileRef = 63AB9D6A2ADFD557008E85BA /* QuizIntroViewModel.swift */; };
		63AB9D6E2ADFEDC3008E85BA /* QuizResultView.swift in Sources */ = {isa = PBXBuildFile; fileRef = 63AB9D6D2ADFEDC3008E85BA /* QuizResultView.swift */; };
		63AB9D702AE0BBC5008E85BA /* QuizResultViewModel.swift in Sources */ = {isa = PBXBuildFile; fileRef = 63AB9D6F2AE0BBC5008E85BA /* QuizResultViewModel.swift */; };
		673609192AE2358B00934690 /* CommunityPageViewController.swift in Sources */ = {isa = PBXBuildFile; fileRef = 673609182AE2358B00934690 /* CommunityPageViewController.swift */; };
		6736091B2AE235A500934690 /* CommunityPageView.swift in Sources */ = {isa = PBXBuildFile; fileRef = 6736091A2AE235A500934690 /* CommunityPageView.swift */; };
		6736091D2AE2941F00934690 /* CommentCell.swift in Sources */ = {isa = PBXBuildFile; fileRef = 6736091C2AE2941F00934690 /* CommentCell.swift */; };
		673CD3502ADF7CD00090C051 /* UserManager.swift in Sources */ = {isa = PBXBuildFile; fileRef = 673CD34F2ADF7CD00090C051 /* UserManager.swift */; };
		675F21732AD7B6F800C4BD37 /* LoginView.swift in Sources */ = {isa = PBXBuildFile; fileRef = 675F21722AD7B6F800C4BD37 /* LoginView.swift */; };
		675F21772AD8157300C4BD37 /* RegisterView.swift in Sources */ = {isa = PBXBuildFile; fileRef = 675F21762AD8157300C4BD37 /* RegisterView.swift */; };
		676DE2272ADE62280002C6D8 /* (null) in Frameworks */ = {isa = PBXBuildFile; };
		67E5AA5C2AD92A8300EA1DA7 /* FirstDetailView.swift in Sources */ = {isa = PBXBuildFile; fileRef = 67E5AA5B2AD92A8300EA1DA7 /* FirstDetailView.swift */; };
		67E5AA5E2AD92AAF00EA1DA7 /* SecondDetailView.swift in Sources */ = {isa = PBXBuildFile; fileRef = 67E5AA5D2AD92AAF00EA1DA7 /* SecondDetailView.swift */; };
		67E5AA602AD92AC000EA1DA7 /* ThirdDetailView.swift in Sources */ = {isa = PBXBuildFile; fileRef = 67E5AA5F2AD92AC000EA1DA7 /* ThirdDetailView.swift */; };
		67E5AA622AD92E6000EA1DA7 /* DetailView.swift in Sources */ = {isa = PBXBuildFile; fileRef = 67E5AA612AD92E6000EA1DA7 /* DetailView.swift */; };
		67FFB4FF2AE0D2F6008108FA /* String.swift in Sources */ = {isa = PBXBuildFile; fileRef = 67FFB4FE2AE0D2F6008108FA /* String.swift */; };
		67FFB5032AE0D900008108FA /* QuizIntroView.swift in Sources */ = {isa = PBXBuildFile; fileRef = 67FFB5022AE0D900008108FA /* QuizIntroView.swift */; };
		B307D7762AE234900027BA10 /* WriteViewController.swift in Sources */ = {isa = PBXBuildFile; fileRef = B307D7752AE234900027BA10 /* WriteViewController.swift */; };
		B3142AD92AE120CB00B54BB5 /* CommunityViewController.swift in Sources */ = {isa = PBXBuildFile; fileRef = B3142AD82AE120CB00B54BB5 /* CommunityViewController.swift */; };
		B397E3082ADCCA1D00F3363F /* DisplayViewController.swift in Sources */ = {isa = PBXBuildFile; fileRef = B397E3072ADCCA1D00F3363F /* DisplayViewController.swift */; };
		B397E30A2ADCCA2C00F3363F /* InfoViewController.swift in Sources */ = {isa = PBXBuildFile; fileRef = B397E3092ADCCA2C00F3363F /* InfoViewController.swift */; };
		E718CB792ADA6BB300896ACC /* EtiquetteDetailCell.swift in Sources */ = {isa = PBXBuildFile; fileRef = E718CB782ADA6BB300896ACC /* EtiquetteDetailCell.swift */; };
		E779C6312AD7998500702D60 /* UIColor.swift in Sources */ = {isa = PBXBuildFile; fileRef = E779C6302AD7998500702D60 /* UIColor.swift */; };
		E7C8AE0E2AD7DACA00C084A7 /* UITextField.swift in Sources */ = {isa = PBXBuildFile; fileRef = E7C8AE0D2AD7DACA00C084A7 /* UITextField.swift */; };
		E7EFDA222AD8F3F7000963C8 /* EtiquetteCell.swift in Sources */ = {isa = PBXBuildFile; fileRef = E7EFDA212AD8F3F7000963C8 /* EtiquetteCell.swift */; };
		E7EFDA242AD8FC49000963C8 /* SearchView.swift in Sources */ = {isa = PBXBuildFile; fileRef = E7EFDA232AD8FC49000963C8 /* SearchView.swift */; };
/* End PBXBuildFile section */

/* Begin PBXFileReference section */
		1586ECA22AE3FCC300055040 /* CommunityView.swift */ = {isa = PBXFileReference; lastKnownFileType = sourcecode.swift; path = CommunityView.swift; sourceTree = "<group>"; };
		1586ECA42AE3FF4C00055040 /* TagCell.swift */ = {isa = PBXFileReference; lastKnownFileType = sourcecode.swift; path = TagCell.swift; sourceTree = "<group>"; };
		1586ECA62AE404F500055040 /* PostCell.swift */ = {isa = PBXFileReference; lastKnownFileType = sourcecode.swift; path = PostCell.swift; sourceTree = "<group>"; };
		1586ECA82AE40FD100055040 /* Date.swift */ = {isa = PBXFileReference; lastKnownFileType = sourcecode.swift; path = Date.swift; sourceTree = "<group>"; };
		1586ECAA2AE4160000055040 /* UIImage.swift */ = {isa = PBXFileReference; lastKnownFileType = sourcecode.swift; path = UIImage.swift; sourceTree = "<group>"; };
		1586ECAC2AE41F2200055040 /* WriteView.swift */ = {isa = PBXFileReference; lastKnownFileType = sourcecode.swift; path = WriteView.swift; sourceTree = "<group>"; };
		1596DC9F2AD6B18A00E6D388 /* BeforeIn.app */ = {isa = PBXFileReference; explicitFileType = wrapper.application; includeInIndex = 0; path = BeforeIn.app; sourceTree = BUILT_PRODUCTS_DIR; };
		1596DCA22AD6B18A00E6D388 /* AppDelegate.swift */ = {isa = PBXFileReference; lastKnownFileType = sourcecode.swift; path = AppDelegate.swift; sourceTree = "<group>"; };
		1596DCA42AD6B18A00E6D388 /* SceneDelegate.swift */ = {isa = PBXFileReference; lastKnownFileType = sourcecode.swift; path = SceneDelegate.swift; sourceTree = "<group>"; };
		1596DCA62AD6B18A00E6D388 /* ViewController.swift */ = {isa = PBXFileReference; lastKnownFileType = sourcecode.swift; path = ViewController.swift; sourceTree = "<group>"; };
		1596DCAB2AD6B18B00E6D388 /* Assets.xcassets */ = {isa = PBXFileReference; lastKnownFileType = folder.assetcatalog; path = Assets.xcassets; sourceTree = "<group>"; };
		1596DCAE2AD6B18B00E6D388 /* Base */ = {isa = PBXFileReference; lastKnownFileType = file.storyboard; name = Base; path = Base.lproj/LaunchScreen.storyboard; sourceTree = "<group>"; };
		1596DCB02AD6B18B00E6D388 /* Info.plist */ = {isa = PBXFileReference; lastKnownFileType = text.plist.xml; path = Info.plist; sourceTree = "<group>"; };
		1596DCB62AD6B1A300E6D388 /* .gitignore */ = {isa = PBXFileReference; lastKnownFileType = text; path = .gitignore; sourceTree = "<group>"; };
		1596DCBA2AD6B20000E6D388 /* BaseViewController.swift */ = {isa = PBXFileReference; lastKnownFileType = sourcecode.swift; path = BaseViewController.swift; sourceTree = "<group>"; };
		1596DCBD2AD6B23100E6D388 /* LoginViewController.swift */ = {isa = PBXFileReference; lastKnownFileType = sourcecode.swift; path = LoginViewController.swift; sourceTree = "<group>"; };
		1596DCC02AD6B25100E6D388 /* RegisterViewController.swift */ = {isa = PBXFileReference; lastKnownFileType = sourcecode.swift; path = RegisterViewController.swift; sourceTree = "<group>"; };
		1596DCC32AD6B28D00E6D388 /* QuizIntroViewController.swift */ = {isa = PBXFileReference; lastKnownFileType = sourcecode.swift; path = QuizIntroViewController.swift; sourceTree = "<group>"; usesTabs = 0; };
		1596DCC52AD6B2A300E6D388 /* QuizViewController.swift */ = {isa = PBXFileReference; lastKnownFileType = sourcecode.swift; path = QuizViewController.swift; sourceTree = "<group>"; };
		1596DCC82AD6B2BD00E6D388 /* SearchViewController.swift */ = {isa = PBXFileReference; lastKnownFileType = sourcecode.swift; path = SearchViewController.swift; sourceTree = "<group>"; };
		1596DCCB2AD6B2CF00E6D388 /* DetailViewController.swift */ = {isa = PBXFileReference; lastKnownFileType = sourcecode.swift; path = DetailViewController.swift; sourceTree = "<group>"; };
		1596DCCE2AD6B2F400E6D388 /* ProfileViewController.swift */ = {isa = PBXFileReference; lastKnownFileType = sourcecode.swift; path = ProfileViewController.swift; sourceTree = "<group>"; };
		1596DCDB2AD79EB700E6D388 /* TabbarController.swift */ = {isa = PBXFileReference; lastKnownFileType = sourcecode.swift; path = TabbarController.swift; sourceTree = "<group>"; };
		1596DCDD2AD7B7D800E6D388 /* MainView.swift */ = {isa = PBXFileReference; lastKnownFileType = sourcecode.swift; path = MainView.swift; sourceTree = "<group>"; };
		1596DCE12AD7E45500E6D388 /* RecentItemCell.swift */ = {isa = PBXFileReference; lastKnownFileType = sourcecode.swift; path = RecentItemCell.swift; sourceTree = "<group>"; };
		1596DCE32AD800A300E6D388 /* RecommendItemCell.swift */ = {isa = PBXFileReference; lastKnownFileType = sourcecode.swift; path = RecommendItemCell.swift; sourceTree = "<group>"; };
		159B78BF2ADD56E900FE210E /* Etiquette.swift */ = {isa = PBXFileReference; lastKnownFileType = sourcecode.swift; path = Etiquette.swift; sourceTree = "<group>"; };
		159B78C22ADD573B00FE210E /* User.swift */ = {isa = PBXFileReference; lastKnownFileType = sourcecode.swift; path = User.swift; sourceTree = "<group>"; };
		159B78C42ADD57A700FE210E /* Quiz.swift */ = {isa = PBXFileReference; lastKnownFileType = sourcecode.swift; path = Quiz.swift; sourceTree = "<group>"; };
		159B78FB2ADE4A7000FE210E /* GoogleService-Info.plist */ = {isa = PBXFileReference; fileEncoding = 4; lastKnownFileType = text.plist.xml; path = "GoogleService-Info.plist"; sourceTree = "<group>"; };
		159B79332ADE75DC00FE210E /* MainViewModel.swift */ = {isa = PBXFileReference; lastKnownFileType = sourcecode.swift; path = MainViewModel.swift; sourceTree = "<group>"; };
		159B79362ADFBAD200FE210E /* ProfileView.swift */ = {isa = PBXFileReference; lastKnownFileType = sourcecode.swift; path = ProfileView.swift; sourceTree = "<group>"; };
		159B79382ADFBB3400FE210E /* ProfileViewModel.swift */ = {isa = PBXFileReference; lastKnownFileType = sourcecode.swift; path = ProfileViewModel.swift; sourceTree = "<group>"; };
		63AB9D5A2AD8E04D008E85BA /* QuizResultViewController.swift */ = {isa = PBXFileReference; lastKnownFileType = sourcecode.swift; path = QuizResultViewController.swift; sourceTree = "<group>"; };
		63AB9D642ADD097D008E85BA /* QuizStartViewController.swift */ = {isa = PBXFileReference; lastKnownFileType = sourcecode.swift; path = QuizStartViewController.swift; sourceTree = "<group>"; };
		63AB9D662ADD0990008E85BA /* QuizContentsViewController.swift */ = {isa = PBXFileReference; lastKnownFileType = sourcecode.swift; path = QuizContentsViewController.swift; sourceTree = "<group>"; };
		63AB9D6A2ADFD557008E85BA /* QuizIntroViewModel.swift */ = {isa = PBXFileReference; lastKnownFileType = sourcecode.swift; path = QuizIntroViewModel.swift; sourceTree = "<group>"; };
		63AB9D6D2ADFEDC3008E85BA /* QuizResultView.swift */ = {isa = PBXFileReference; lastKnownFileType = sourcecode.swift; path = QuizResultView.swift; sourceTree = "<group>"; };
		63AB9D6F2AE0BBC5008E85BA /* QuizResultViewModel.swift */ = {isa = PBXFileReference; lastKnownFileType = sourcecode.swift; path = QuizResultViewModel.swift; sourceTree = "<group>"; };
		673609182AE2358B00934690 /* CommunityPageViewController.swift */ = {isa = PBXFileReference; lastKnownFileType = sourcecode.swift; path = CommunityPageViewController.swift; sourceTree = "<group>"; };
		6736091A2AE235A500934690 /* CommunityPageView.swift */ = {isa = PBXFileReference; lastKnownFileType = sourcecode.swift; path = CommunityPageView.swift; sourceTree = "<group>"; };
		6736091C2AE2941F00934690 /* CommentCell.swift */ = {isa = PBXFileReference; lastKnownFileType = sourcecode.swift; path = CommentCell.swift; sourceTree = "<group>"; };
		673CD34F2ADF7CD00090C051 /* UserManager.swift */ = {isa = PBXFileReference; lastKnownFileType = sourcecode.swift; path = UserManager.swift; sourceTree = "<group>"; };
		675F21722AD7B6F800C4BD37 /* LoginView.swift */ = {isa = PBXFileReference; lastKnownFileType = sourcecode.swift; path = LoginView.swift; sourceTree = "<group>"; };
		675F21762AD8157300C4BD37 /* RegisterView.swift */ = {isa = PBXFileReference; lastKnownFileType = sourcecode.swift; path = RegisterView.swift; sourceTree = "<group>"; };
		67E5AA5B2AD92A8300EA1DA7 /* FirstDetailView.swift */ = {isa = PBXFileReference; lastKnownFileType = sourcecode.swift; path = FirstDetailView.swift; sourceTree = "<group>"; };
		67E5AA5D2AD92AAF00EA1DA7 /* SecondDetailView.swift */ = {isa = PBXFileReference; lastKnownFileType = sourcecode.swift; path = SecondDetailView.swift; sourceTree = "<group>"; };
		67E5AA5F2AD92AC000EA1DA7 /* ThirdDetailView.swift */ = {isa = PBXFileReference; lastKnownFileType = sourcecode.swift; path = ThirdDetailView.swift; sourceTree = "<group>"; };
		67E5AA612AD92E6000EA1DA7 /* DetailView.swift */ = {isa = PBXFileReference; lastKnownFileType = sourcecode.swift; path = DetailView.swift; sourceTree = "<group>"; };
		67FFB4FE2AE0D2F6008108FA /* String.swift */ = {isa = PBXFileReference; lastKnownFileType = sourcecode.swift; path = String.swift; sourceTree = "<group>"; };
		67FFB5022AE0D900008108FA /* QuizIntroView.swift */ = {isa = PBXFileReference; fileEncoding = 4; lastKnownFileType = sourcecode.swift; path = QuizIntroView.swift; sourceTree = "<group>"; };
		B307D7752AE234900027BA10 /* WriteViewController.swift */ = {isa = PBXFileReference; lastKnownFileType = sourcecode.swift; path = WriteViewController.swift; sourceTree = "<group>"; };
		B3142AD82AE120CB00B54BB5 /* CommunityViewController.swift */ = {isa = PBXFileReference; lastKnownFileType = sourcecode.swift; path = CommunityViewController.swift; sourceTree = "<group>"; };
		B397E3072ADCCA1D00F3363F /* DisplayViewController.swift */ = {isa = PBXFileReference; lastKnownFileType = sourcecode.swift; path = DisplayViewController.swift; sourceTree = "<group>"; };
		B397E3092ADCCA2C00F3363F /* InfoViewController.swift */ = {isa = PBXFileReference; lastKnownFileType = sourcecode.swift; path = InfoViewController.swift; sourceTree = "<group>"; };
		E718CB782ADA6BB300896ACC /* EtiquetteDetailCell.swift */ = {isa = PBXFileReference; lastKnownFileType = sourcecode.swift; path = EtiquetteDetailCell.swift; sourceTree = "<group>"; };
		E779C6302AD7998500702D60 /* UIColor.swift */ = {isa = PBXFileReference; lastKnownFileType = sourcecode.swift; path = UIColor.swift; sourceTree = "<group>"; };
		E7C8AE0D2AD7DACA00C084A7 /* UITextField.swift */ = {isa = PBXFileReference; lastKnownFileType = sourcecode.swift; path = UITextField.swift; sourceTree = "<group>"; };
		E7EFDA212AD8F3F7000963C8 /* EtiquetteCell.swift */ = {isa = PBXFileReference; lastKnownFileType = sourcecode.swift; path = EtiquetteCell.swift; sourceTree = "<group>"; };
		E7EFDA232AD8FC49000963C8 /* SearchView.swift */ = {isa = PBXFileReference; lastKnownFileType = sourcecode.swift; path = SearchView.swift; sourceTree = "<group>"; };
/* End PBXFileReference section */

/* Begin PBXFrameworksBuildPhase section */
		1596DC9C2AD6B18A00E6D388 /* Frameworks */ = {
			isa = PBXFrameworksBuildPhase;
			buildActionMask = 2147483647;
			files = (
				159B78D02ADE10DD00FE210E /* FirebaseAppCheck in Frameworks */,
				159B790A2ADE6DE600FE210E /* FirebaseAuth in Frameworks */,
				159B79062ADE6DE600FE210E /* FirebaseAppCheck in Frameworks */,
				159B791C2ADE6DE600FE210E /* FirebaseFunctions in Frameworks */,
				159B78CC2ADE10DD00FE210E /* FirebaseAnalyticsSwift in Frameworks */,
				1596DCD22AD6B31F00E6D388 /* SnapKit in Frameworks */,
				159B79182ADE6DE600FE210E /* FirebaseFirestoreCombine-Community in Frameworks */,
				159B79022ADE6DE600FE210E /* FirebaseAnalyticsSwift in Frameworks */,
				159B79102ADE6DE600FE210E /* FirebaseDatabase in Frameworks */,
				1596DCD72AD6B32900E6D388 /* Then in Frameworks */,
				676DE2272ADE62280002C6D8 /* (null) in Frameworks */,
				159B78CA2ADE10DD00FE210E /* FirebaseAnalyticsOnDeviceConversion in Frameworks */,
				159B79082ADE6DE600FE210E /* FirebaseAppDistribution-Beta in Frameworks */,
				159B79282ADE6DE600FE210E /* FirebaseMessaging in Frameworks */,
				159B79262ADE6DE600FE210E /* FirebaseMLModelDownloader in Frameworks */,
				159B792A2ADE6DE600FE210E /* FirebasePerformance in Frameworks */,
				159B78CE2ADE10DD00FE210E /* FirebaseAnalyticsWithoutAdIdSupport in Frameworks */,
				159B79202ADE6DE600FE210E /* FirebaseInAppMessaging-Beta in Frameworks */,
				159B791E2ADE6DE600FE210E /* FirebaseFunctionsCombine-Community in Frameworks */,
				159B79242ADE6DE600FE210E /* FirebaseInstallations in Frameworks */,
				159B79042ADE6DE600FE210E /* FirebaseAnalyticsWithoutAdIdSupport in Frameworks */,
				159B78C82ADE10DD00FE210E /* FirebaseAnalytics in Frameworks */,
				159B791A2ADE6DE600FE210E /* FirebaseFirestoreSwift in Frameworks */,
				159B79322ADE6DE600FE210E /* FirebaseStorageCombine-Community in Frameworks */,
				159B79122ADE6DE600FE210E /* FirebaseDatabaseSwift in Frameworks */,
				159B792C2ADE6DE600FE210E /* FirebaseRemoteConfig in Frameworks */,
				159B79002ADE6DE600FE210E /* FirebaseAnalyticsOnDeviceConversion in Frameworks */,
				159B790E2ADE6DE600FE210E /* FirebaseCrashlytics in Frameworks */,
				1596DCDA2AD6B33700E6D388 /* Gifu in Frameworks */,
				159B792E2ADE6DE600FE210E /* FirebaseRemoteConfigSwift in Frameworks */,
				159B78FE2ADE6DE600FE210E /* FirebaseAnalytics in Frameworks */,
				159B79302ADE6DE600FE210E /* FirebaseStorage in Frameworks */,
				159B790C2ADE6DE600FE210E /* FirebaseAuthCombine-Community in Frameworks */,
				159B79142ADE6DE600FE210E /* FirebaseDynamicLinks in Frameworks */,
				159B79222ADE6DE600FE210E /* FirebaseInAppMessagingSwift-Beta in Frameworks */,
				159B79162ADE6DE600FE210E /* FirebaseFirestore in Frameworks */,
			);
			runOnlyForDeploymentPostprocessing = 0;
		};
/* End PBXFrameworksBuildPhase section */

/* Begin PBXGroup section */
		1586EC9E2AE3F91F00055040 /* CommunityPage */ = {
			isa = PBXGroup;
			children = (
				673609182AE2358B00934690 /* CommunityPageViewController.swift */,
				6736091A2AE235A500934690 /* CommunityPageView.swift */,
				6736091C2AE2941F00934690 /* CommentCell.swift */,
			);
			path = CommunityPage;
			sourceTree = "<group>";
		};
		1586EC9F2AE3F92900055040 /* CommunityMainPage */ = {
			isa = PBXGroup;
			children = (
				B3142AD82AE120CB00B54BB5 /* CommunityViewController.swift */,
				1586ECA22AE3FCC300055040 /* CommunityView.swift */,
				1586ECA12AE3FC3500055040 /* CustomCell */,
			);
			path = CommunityMainPage;
			sourceTree = "<group>";
		};
		1586ECA02AE3F93200055040 /* CommunityWritePage */ = {
			isa = PBXGroup;
			children = (
				B307D7752AE234900027BA10 /* WriteViewController.swift */,
				1586ECAC2AE41F2200055040 /* WriteView.swift */,
			);
			path = CommunityWritePage;
			sourceTree = "<group>";
		};
		1586ECA12AE3FC3500055040 /* CustomCell */ = {
			isa = PBXGroup;
			children = (
				1586ECA42AE3FF4C00055040 /* TagCell.swift */,
				1586ECA62AE404F500055040 /* PostCell.swift */,
			);
			path = CustomCell;
			sourceTree = "<group>";
		};
		1596DC962AD6B18A00E6D388 = {
			isa = PBXGroup;
			children = (
				1596DCA12AD6B18A00E6D388 /* BeforeIn */,
				1596DCA02AD6B18A00E6D388 /* Products */,
				676DE2252ADE62280002C6D8 /* Frameworks */,
			);
			sourceTree = "<group>";
		};
		1596DCA02AD6B18A00E6D388 /* Products */ = {
			isa = PBXGroup;
			children = (
				1596DC9F2AD6B18A00E6D388 /* BeforeIn.app */,
			);
			name = Products;
			sourceTree = "<group>";
		};
		1596DCA12AD6B18A00E6D388 /* BeforeIn */ = {
			isa = PBXGroup;
			children = (
				1596DCB62AD6B1A300E6D388 /* .gitignore */,
				1596DCA22AD6B18A00E6D388 /* AppDelegate.swift */,
				1596DCA42AD6B18A00E6D388 /* SceneDelegate.swift */,
				159B78C12ADD56EE00FE210E /* Model */,
				1596DCB92AD6B1EE00E6D388 /* Extension */,
				1596DCB82AD6B1E400E6D388 /* MainPage */,
				1596DCBC2AD6B22000E6D388 /* LoginPage */,
				1596DCBF2AD6B24000E6D388 /* RegisterPage */,
				1596DCC22AD6B27F00E6D388 /* QuizPage */,
				1596DCC72AD6B2AB00E6D388 /* SearchPage */,
				1596DCCA2AD6B2C300E6D388 /* DetailPage */,
				B3142AD72AE1209E00B54BB5 /* CommunityPage */,
				1596DCCD2AD6B2E500E6D388 /* ProfilePage */,
				1596DCAB2AD6B18B00E6D388 /* Assets.xcassets */,
				1596DCAD2AD6B18B00E6D388 /* LaunchScreen.storyboard */,
				1596DCB02AD6B18B00E6D388 /* Info.plist */,
				159B78FB2ADE4A7000FE210E /* GoogleService-Info.plist */,
			);
			path = BeforeIn;
			sourceTree = "<group>";
		};
		1596DCB82AD6B1E400E6D388 /* MainPage */ = {
			isa = PBXGroup;
			children = (
				1596DCA62AD6B18A00E6D388 /* ViewController.swift */,
				1596DCDD2AD7B7D800E6D388 /* MainView.swift */,
				159B79332ADE75DC00FE210E /* MainViewModel.swift */,
				1596DCE52AD801E300E6D388 /* CustomCell */,
			);
			path = MainPage;
			sourceTree = "<group>";
		};
		1596DCB92AD6B1EE00E6D388 /* Extension */ = {
			isa = PBXGroup;
			children = (
				1596DCBA2AD6B20000E6D388 /* BaseViewController.swift */,
				1596DCDB2AD79EB700E6D388 /* TabbarController.swift */,
				E779C6302AD7998500702D60 /* UIColor.swift */,
				E7C8AE0D2AD7DACA00C084A7 /* UITextField.swift */,
				1586ECAA2AE4160000055040 /* UIImage.swift */,
				1586ECA82AE40FD100055040 /* Date.swift */,
			);
			name = Extension;
			sourceTree = "<group>";
		};
		1596DCBC2AD6B22000E6D388 /* LoginPage */ = {
			isa = PBXGroup;
			children = (
				675F21722AD7B6F800C4BD37 /* LoginView.swift */,
				1596DCBD2AD6B23100E6D388 /* LoginViewController.swift */,
			);
			name = LoginPage;
			path = MainPage;
			sourceTree = "<group>";
		};
		1596DCBF2AD6B24000E6D388 /* RegisterPage */ = {
			isa = PBXGroup;
			children = (
				675F21762AD8157300C4BD37 /* RegisterView.swift */,
				1596DCC02AD6B25100E6D388 /* RegisterViewController.swift */,
			);
			path = RegisterPage;
			sourceTree = "<group>";
		};
		1596DCC22AD6B27F00E6D388 /* QuizPage */ = {
			isa = PBXGroup;
			children = (
				1596DCC32AD6B28D00E6D388 /* QuizIntroViewController.swift */,
				63AB9D6A2ADFD557008E85BA /* QuizIntroViewModel.swift */,
				67FFB5022AE0D900008108FA /* QuizIntroView.swift */,
				63AB9D632ADD0968008E85BA /* Quiz PVC */,
				63AB9D5A2AD8E04D008E85BA /* QuizResultViewController.swift */,
				63AB9D6D2ADFEDC3008E85BA /* QuizResultView.swift */,
				63AB9D6F2AE0BBC5008E85BA /* QuizResultViewModel.swift */,
			);
			path = QuizPage;
			sourceTree = "<group>";
		};
		1596DCC72AD6B2AB00E6D388 /* SearchPage */ = {
			isa = PBXGroup;
			children = (
				E7EFDA232AD8FC49000963C8 /* SearchView.swift */,
				1596DCC82AD6B2BD00E6D388 /* SearchViewController.swift */,
				E7EFDA202AD8F39D000963C8 /* CustomCell */,
			);
			path = SearchPage;
			sourceTree = "<group>";
		};
		1596DCCA2AD6B2C300E6D388 /* DetailPage */ = {
			isa = PBXGroup;
			children = (
				67E5AA5B2AD92A8300EA1DA7 /* FirstDetailView.swift */,
				67E5AA5D2AD92AAF00EA1DA7 /* SecondDetailView.swift */,
				67E5AA5F2AD92AC000EA1DA7 /* ThirdDetailView.swift */,
				67E5AA612AD92E6000EA1DA7 /* DetailView.swift */,
				1596DCCB2AD6B2CF00E6D388 /* DetailViewController.swift */,
				E718CB772ADA6B8500896ACC /* CustomCell */,
			);
			path = DetailPage;
			sourceTree = "<group>";
		};
		1596DCCD2AD6B2E500E6D388 /* ProfilePage */ = {
			isa = PBXGroup;
			children = (
				159B79352ADFB19A00FE210E /* ProfileView */,
				B397E3072ADCCA1D00F3363F /* DisplayViewController.swift */,
				B397E3092ADCCA2C00F3363F /* InfoViewController.swift */,
			);
			path = ProfilePage;
			sourceTree = "<group>";
		};
		1596DCE52AD801E300E6D388 /* CustomCell */ = {
			isa = PBXGroup;
			children = (
				1596DCE12AD7E45500E6D388 /* RecentItemCell.swift */,
				1596DCE32AD800A300E6D388 /* RecommendItemCell.swift */,
			);
			path = CustomCell;
			sourceTree = "<group>";
		};
		159B78C12ADD56EE00FE210E /* Model */ = {
			isa = PBXGroup;
			children = (
				159B78BF2ADD56E900FE210E /* Etiquette.swift */,
				159B78C22ADD573B00FE210E /* User.swift */,
				159B78C42ADD57A700FE210E /* Quiz.swift */,
				673CD34F2ADF7CD00090C051 /* UserManager.swift */,
				67FFB4FE2AE0D2F6008108FA /* String.swift */,
			);
			name = Model;
			sourceTree = "<group>";
		};
		159B79352ADFB19A00FE210E /* ProfileView */ = {
			isa = PBXGroup;
			children = (
				1596DCCE2AD6B2F400E6D388 /* ProfileViewController.swift */,
				159B79362ADFBAD200FE210E /* ProfileView.swift */,
				159B79382ADFBB3400FE210E /* ProfileViewModel.swift */,
			);
			path = ProfileView;
			sourceTree = "<group>";
		};
		63AB9D632ADD0968008E85BA /* Quiz PVC */ = {
			isa = PBXGroup;
			children = (
				63AB9D642ADD097D008E85BA /* QuizStartViewController.swift */,
				1596DCC52AD6B2A300E6D388 /* QuizViewController.swift */,
				63AB9D662ADD0990008E85BA /* QuizContentsViewController.swift */,
			);
			path = "Quiz PVC";
			sourceTree = "<group>";
		};
		676DE2252ADE62280002C6D8 /* Frameworks */ = {
			isa = PBXGroup;
			children = (
			);
			name = Frameworks;
			sourceTree = "<group>";
		};
		B3142AD72AE1209E00B54BB5 /* CommunityPage */ = {
			isa = PBXGroup;
			children = (
				1586EC9F2AE3F92900055040 /* CommunityMainPage */,
				1586EC9E2AE3F91F00055040 /* CommunityPage */,
				1586ECA02AE3F93200055040 /* CommunityWritePage */,
			);
			path = CommunityPage;
			sourceTree = "<group>";
		};
		E718CB772ADA6B8500896ACC /* CustomCell */ = {
			isa = PBXGroup;
			children = (
				E718CB782ADA6BB300896ACC /* EtiquetteDetailCell.swift */,
			);
			path = CustomCell;
			sourceTree = "<group>";
		};
		E7EFDA202AD8F39D000963C8 /* CustomCell */ = {
			isa = PBXGroup;
			children = (
				E7EFDA212AD8F3F7000963C8 /* EtiquetteCell.swift */,
			);
			path = CustomCell;
			sourceTree = "<group>";
		};
/* End PBXGroup section */

/* Begin PBXNativeTarget section */
		1596DC9E2AD6B18A00E6D388 /* BeforeIn */ = {
			isa = PBXNativeTarget;
			buildConfigurationList = 1596DCB32AD6B18B00E6D388 /* Build configuration list for PBXNativeTarget "BeforeIn" */;
			buildPhases = (
				1596DC9B2AD6B18A00E6D388 /* Sources */,
				1596DC9C2AD6B18A00E6D388 /* Frameworks */,
				1596DC9D2AD6B18A00E6D388 /* Resources */,
			);
			buildRules = (
			);
			dependencies = (
			);
			name = BeforeIn;
			packageProductDependencies = (
				1596DCD12AD6B31F00E6D388 /* SnapKit */,
				1596DCD62AD6B32900E6D388 /* Then */,
				1596DCD92AD6B33700E6D388 /* Gifu */,
				159B78FD2ADE6DE600FE210E /* FirebaseAnalytics */,
				159B78FF2ADE6DE600FE210E /* FirebaseAnalyticsOnDeviceConversion */,
				159B79012ADE6DE600FE210E /* FirebaseAnalyticsSwift */,
				159B79032ADE6DE600FE210E /* FirebaseAnalyticsWithoutAdIdSupport */,
				159B79052ADE6DE600FE210E /* FirebaseAppCheck */,
				159B79072ADE6DE600FE210E /* FirebaseAppDistribution-Beta */,
				159B79092ADE6DE600FE210E /* FirebaseAuth */,
				159B790B2ADE6DE600FE210E /* FirebaseAuthCombine-Community */,
				159B790D2ADE6DE600FE210E /* FirebaseCrashlytics */,
				159B790F2ADE6DE600FE210E /* FirebaseDatabase */,
				159B79112ADE6DE600FE210E /* FirebaseDatabaseSwift */,
				159B79132ADE6DE600FE210E /* FirebaseDynamicLinks */,
				159B79152ADE6DE600FE210E /* FirebaseFirestore */,
				159B79172ADE6DE600FE210E /* FirebaseFirestoreCombine-Community */,
				159B79192ADE6DE600FE210E /* FirebaseFirestoreSwift */,
				159B791B2ADE6DE600FE210E /* FirebaseFunctions */,
				159B791D2ADE6DE600FE210E /* FirebaseFunctionsCombine-Community */,
				159B791F2ADE6DE600FE210E /* FirebaseInAppMessaging-Beta */,
				159B79212ADE6DE600FE210E /* FirebaseInAppMessagingSwift-Beta */,
				159B79232ADE6DE600FE210E /* FirebaseInstallations */,
				159B79252ADE6DE600FE210E /* FirebaseMLModelDownloader */,
				159B79272ADE6DE600FE210E /* FirebaseMessaging */,
				159B79292ADE6DE600FE210E /* FirebasePerformance */,
				159B792B2ADE6DE600FE210E /* FirebaseRemoteConfig */,
				159B792D2ADE6DE600FE210E /* FirebaseRemoteConfigSwift */,
				159B792F2ADE6DE600FE210E /* FirebaseStorage */,
				159B79312ADE6DE600FE210E /* FirebaseStorageCombine-Community */,
			);
			productName = BeforeIn;
			productReference = 1596DC9F2AD6B18A00E6D388 /* BeforeIn.app */;
			productType = "com.apple.product-type.application";
		};
/* End PBXNativeTarget section */

/* Begin PBXProject section */
		1596DC972AD6B18A00E6D388 /* Project object */ = {
			isa = PBXProject;
			attributes = {
				BuildIndependentTargetsInParallel = 1;
				LastSwiftUpdateCheck = 1500;
				LastUpgradeCheck = 1500;
				TargetAttributes = {
					1596DC9E2AD6B18A00E6D388 = {
						CreatedOnToolsVersion = 15.0;
					};
				};
			};
			buildConfigurationList = 1596DC9A2AD6B18A00E6D388 /* Build configuration list for PBXProject "BeforeIn" */;
			compatibilityVersion = "Xcode 14.0";
			developmentRegion = en;
			hasScannedForEncodings = 0;
			knownRegions = (
				en,
				Base,
			);
			mainGroup = 1596DC962AD6B18A00E6D388;
			packageReferences = (
				1596DCD02AD6B31F00E6D388 /* XCRemoteSwiftPackageReference "SnapKit" */,
				1596DCD52AD6B32900E6D388 /* XCRemoteSwiftPackageReference "Then" */,
				1596DCD82AD6B33700E6D388 /* XCRemoteSwiftPackageReference "Gifu" */,
				159B78C62ADE10DD00FE210E /* XCRemoteSwiftPackageReference "firebase-ios-sdk" */,
			);
			productRefGroup = 1596DCA02AD6B18A00E6D388 /* Products */;
			projectDirPath = "";
			projectRoot = "";
			targets = (
				1596DC9E2AD6B18A00E6D388 /* BeforeIn */,
			);
		};
/* End PBXProject section */

/* Begin PBXResourcesBuildPhase section */
		1596DC9D2AD6B18A00E6D388 /* Resources */ = {
			isa = PBXResourcesBuildPhase;
			buildActionMask = 2147483647;
			files = (
				1596DCB72AD6B1A300E6D388 /* .gitignore in Resources */,
				159B78FC2ADE4A7000FE210E /* GoogleService-Info.plist in Resources */,
				1596DCAF2AD6B18B00E6D388 /* LaunchScreen.storyboard in Resources */,
				1596DCAC2AD6B18B00E6D388 /* Assets.xcassets in Resources */,
			);
			runOnlyForDeploymentPostprocessing = 0;
		};
/* End PBXResourcesBuildPhase section */

/* Begin PBXSourcesBuildPhase section */
		1596DC9B2AD6B18A00E6D388 /* Sources */ = {
			isa = PBXSourcesBuildPhase;
			buildActionMask = 2147483647;
			files = (
				1586ECA32AE3FCC300055040 /* CommunityView.swift in Sources */,
				159B79342ADE75DC00FE210E /* MainViewModel.swift in Sources */,
				63AB9D5B2AD8E04D008E85BA /* QuizResultViewController.swift in Sources */,
				67FFB4FF2AE0D2F6008108FA /* String.swift in Sources */,
				63AB9D6E2ADFEDC3008E85BA /* QuizResultView.swift in Sources */,
				1596DCA72AD6B18A00E6D388 /* ViewController.swift in Sources */,
				1596DCDE2AD7B7D800E6D388 /* MainView.swift in Sources */,
				E779C6312AD7998500702D60 /* UIColor.swift in Sources */,
				6736091B2AE235A500934690 /* CommunityPageView.swift in Sources */,
				159B78C02ADD56E900FE210E /* Etiquette.swift in Sources */,
				159B79372ADFBAD200FE210E /* ProfileView.swift in Sources */,
				1586ECA92AE40FD100055040 /* Date.swift in Sources */,
				63AB9D702AE0BBC5008E85BA /* QuizResultViewModel.swift in Sources */,
				1586ECAB2AE4160000055040 /* UIImage.swift in Sources */,
				1596DCBB2AD6B20000E6D388 /* BaseViewController.swift in Sources */,
				1596DCE22AD7E45500E6D388 /* RecentItemCell.swift in Sources */,
				67E5AA5E2AD92AAF00EA1DA7 /* SecondDetailView.swift in Sources */,
				1596DCDC2AD79EB700E6D388 /* TabbarController.swift in Sources */,
				67E5AA5C2AD92A8300EA1DA7 /* FirstDetailView.swift in Sources */,
				1586ECA72AE404F500055040 /* PostCell.swift in Sources */,
				1596DCA32AD6B18A00E6D388 /* AppDelegate.swift in Sources */,
				673609192AE2358B00934690 /* CommunityPageViewController.swift in Sources */,
				1596DCC92AD6B2BD00E6D388 /* SearchViewController.swift in Sources */,
				1596DCC62AD6B2A300E6D388 /* QuizViewController.swift in Sources */,
				1596DCC42AD6B28D00E6D388 /* QuizIntroViewController.swift in Sources */,
				E7EFDA242AD8FC49000963C8 /* SearchView.swift in Sources */,
				B3142AD92AE120CB00B54BB5 /* CommunityViewController.swift in Sources */,
				675F21732AD7B6F800C4BD37 /* LoginView.swift in Sources */,
				B397E3082ADCCA1D00F3363F /* DisplayViewController.swift in Sources */,
				673CD3502ADF7CD00090C051 /* UserManager.swift in Sources */,
				67FFB5032AE0D900008108FA /* QuizIntroView.swift in Sources */,
				159B79392ADFBB3400FE210E /* ProfileViewModel.swift in Sources */,
				1596DCCF2AD6B2F400E6D388 /* ProfileViewController.swift in Sources */,
				1596DCE42AD800A300E6D388 /* RecommendItemCell.swift in Sources */,
				E718CB792ADA6BB300896ACC /* EtiquetteDetailCell.swift in Sources */,
				67E5AA602AD92AC000EA1DA7 /* ThirdDetailView.swift in Sources */,
				E7C8AE0E2AD7DACA00C084A7 /* UITextField.swift in Sources */,
				6736091D2AE2941F00934690 /* CommentCell.swift in Sources */,
				1586ECAD2AE41F2200055040 /* WriteView.swift in Sources */,
				67E5AA622AD92E6000EA1DA7 /* DetailView.swift in Sources */,
				63AB9D652ADD097D008E85BA /* QuizStartViewController.swift in Sources */,
				1596DCC12AD6B25100E6D388 /* RegisterViewController.swift in Sources */,
				1596DCCC2AD6B2CF00E6D388 /* DetailViewController.swift in Sources */,
				63AB9D6B2ADFD558008E85BA /* QuizIntroViewModel.swift in Sources */,
				E7EFDA222AD8F3F7000963C8 /* EtiquetteCell.swift in Sources */,
				675F21772AD8157300C4BD37 /* RegisterView.swift in Sources */,
				1586ECA52AE3FF4C00055040 /* TagCell.swift in Sources */,
				1596DCBE2AD6B23100E6D388 /* LoginViewController.swift in Sources */,
				1596DCA52AD6B18A00E6D388 /* SceneDelegate.swift in Sources */,
				159B78C52ADD57A700FE210E /* Quiz.swift in Sources */,
				63AB9D672ADD0990008E85BA /* QuizContentsViewController.swift in Sources */,
				B397E30A2ADCCA2C00F3363F /* InfoViewController.swift in Sources */,
				159B78C32ADD573B00FE210E /* User.swift in Sources */,
				B307D7762AE234900027BA10 /* WriteViewController.swift in Sources */,
			);
			runOnlyForDeploymentPostprocessing = 0;
		};
/* End PBXSourcesBuildPhase section */

/* Begin PBXVariantGroup section */
		1596DCAD2AD6B18B00E6D388 /* LaunchScreen.storyboard */ = {
			isa = PBXVariantGroup;
			children = (
				1596DCAE2AD6B18B00E6D388 /* Base */,
			);
			name = LaunchScreen.storyboard;
			sourceTree = "<group>";
		};
/* End PBXVariantGroup section */

/* Begin XCBuildConfiguration section */
		1596DCB12AD6B18B00E6D388 /* Debug */ = {
			isa = XCBuildConfiguration;
			buildSettings = {
				ALWAYS_SEARCH_USER_PATHS = NO;
				ASSETCATALOG_COMPILER_GENERATE_SWIFT_ASSET_SYMBOL_EXTENSIONS = YES;
				CLANG_ANALYZER_NONNULL = YES;
				CLANG_ANALYZER_NUMBER_OBJECT_CONVERSION = YES_AGGRESSIVE;
				CLANG_CXX_LANGUAGE_STANDARD = "gnu++20";
				CLANG_ENABLE_MODULES = YES;
				CLANG_ENABLE_OBJC_ARC = YES;
				CLANG_ENABLE_OBJC_WEAK = YES;
				CLANG_WARN_BLOCK_CAPTURE_AUTORELEASING = YES;
				CLANG_WARN_BOOL_CONVERSION = YES;
				CLANG_WARN_COMMA = YES;
				CLANG_WARN_CONSTANT_CONVERSION = YES;
				CLANG_WARN_DEPRECATED_OBJC_IMPLEMENTATIONS = YES;
				CLANG_WARN_DIRECT_OBJC_ISA_USAGE = YES_ERROR;
				CLANG_WARN_DOCUMENTATION_COMMENTS = YES;
				CLANG_WARN_EMPTY_BODY = YES;
				CLANG_WARN_ENUM_CONVERSION = YES;
				CLANG_WARN_INFINITE_RECURSION = YES;
				CLANG_WARN_INT_CONVERSION = YES;
				CLANG_WARN_NON_LITERAL_NULL_CONVERSION = YES;
				CLANG_WARN_OBJC_IMPLICIT_RETAIN_SELF = YES;
				CLANG_WARN_OBJC_LITERAL_CONVERSION = YES;
				CLANG_WARN_OBJC_ROOT_CLASS = YES_ERROR;
				CLANG_WARN_QUOTED_INCLUDE_IN_FRAMEWORK_HEADER = YES;
				CLANG_WARN_RANGE_LOOP_ANALYSIS = YES;
				CLANG_WARN_STRICT_PROTOTYPES = YES;
				CLANG_WARN_SUSPICIOUS_MOVE = YES;
				CLANG_WARN_UNGUARDED_AVAILABILITY = YES_AGGRESSIVE;
				CLANG_WARN_UNREACHABLE_CODE = YES;
				CLANG_WARN__DUPLICATE_METHOD_MATCH = YES;
				COPY_PHASE_STRIP = NO;
				DEBUG_INFORMATION_FORMAT = dwarf;
				ENABLE_STRICT_OBJC_MSGSEND = YES;
				ENABLE_TESTABILITY = YES;
				ENABLE_USER_SCRIPT_SANDBOXING = YES;
				GCC_C_LANGUAGE_STANDARD = gnu17;
				GCC_DYNAMIC_NO_PIC = NO;
				GCC_NO_COMMON_BLOCKS = YES;
				GCC_OPTIMIZATION_LEVEL = 0;
				GCC_PREPROCESSOR_DEFINITIONS = (
					"DEBUG=1",
					"$(inherited)",
				);
				GCC_WARN_64_TO_32_BIT_CONVERSION = YES;
				GCC_WARN_ABOUT_RETURN_TYPE = YES_ERROR;
				GCC_WARN_UNDECLARED_SELECTOR = YES;
				GCC_WARN_UNINITIALIZED_AUTOS = YES_AGGRESSIVE;
				GCC_WARN_UNUSED_FUNCTION = YES;
				GCC_WARN_UNUSED_VARIABLE = YES;
				IPHONEOS_DEPLOYMENT_TARGET = 15.0;
				LOCALIZATION_PREFERS_STRING_CATALOGS = YES;
				MTL_ENABLE_DEBUG_INFO = INCLUDE_SOURCE;
				MTL_FAST_MATH = YES;
				ONLY_ACTIVE_ARCH = YES;
				SDKROOT = iphoneos;
				SWIFT_ACTIVE_COMPILATION_CONDITIONS = "DEBUG $(inherited)";
				SWIFT_OPTIMIZATION_LEVEL = "-Onone";
			};
			name = Debug;
		};
		1596DCB22AD6B18B00E6D388 /* Release */ = {
			isa = XCBuildConfiguration;
			buildSettings = {
				ALWAYS_SEARCH_USER_PATHS = NO;
				ASSETCATALOG_COMPILER_GENERATE_SWIFT_ASSET_SYMBOL_EXTENSIONS = YES;
				CLANG_ANALYZER_NONNULL = YES;
				CLANG_ANALYZER_NUMBER_OBJECT_CONVERSION = YES_AGGRESSIVE;
				CLANG_CXX_LANGUAGE_STANDARD = "gnu++20";
				CLANG_ENABLE_MODULES = YES;
				CLANG_ENABLE_OBJC_ARC = YES;
				CLANG_ENABLE_OBJC_WEAK = YES;
				CLANG_WARN_BLOCK_CAPTURE_AUTORELEASING = YES;
				CLANG_WARN_BOOL_CONVERSION = YES;
				CLANG_WARN_COMMA = YES;
				CLANG_WARN_CONSTANT_CONVERSION = YES;
				CLANG_WARN_DEPRECATED_OBJC_IMPLEMENTATIONS = YES;
				CLANG_WARN_DIRECT_OBJC_ISA_USAGE = YES_ERROR;
				CLANG_WARN_DOCUMENTATION_COMMENTS = YES;
				CLANG_WARN_EMPTY_BODY = YES;
				CLANG_WARN_ENUM_CONVERSION = YES;
				CLANG_WARN_INFINITE_RECURSION = YES;
				CLANG_WARN_INT_CONVERSION = YES;
				CLANG_WARN_NON_LITERAL_NULL_CONVERSION = YES;
				CLANG_WARN_OBJC_IMPLICIT_RETAIN_SELF = YES;
				CLANG_WARN_OBJC_LITERAL_CONVERSION = YES;
				CLANG_WARN_OBJC_ROOT_CLASS = YES_ERROR;
				CLANG_WARN_QUOTED_INCLUDE_IN_FRAMEWORK_HEADER = YES;
				CLANG_WARN_RANGE_LOOP_ANALYSIS = YES;
				CLANG_WARN_STRICT_PROTOTYPES = YES;
				CLANG_WARN_SUSPICIOUS_MOVE = YES;
				CLANG_WARN_UNGUARDED_AVAILABILITY = YES_AGGRESSIVE;
				CLANG_WARN_UNREACHABLE_CODE = YES;
				CLANG_WARN__DUPLICATE_METHOD_MATCH = YES;
				COPY_PHASE_STRIP = NO;
				DEBUG_INFORMATION_FORMAT = "dwarf-with-dsym";
				ENABLE_NS_ASSERTIONS = NO;
				ENABLE_STRICT_OBJC_MSGSEND = YES;
				ENABLE_USER_SCRIPT_SANDBOXING = YES;
				GCC_C_LANGUAGE_STANDARD = gnu17;
				GCC_NO_COMMON_BLOCKS = YES;
				GCC_WARN_64_TO_32_BIT_CONVERSION = YES;
				GCC_WARN_ABOUT_RETURN_TYPE = YES_ERROR;
				GCC_WARN_UNDECLARED_SELECTOR = YES;
				GCC_WARN_UNINITIALIZED_AUTOS = YES_AGGRESSIVE;
				GCC_WARN_UNUSED_FUNCTION = YES;
				GCC_WARN_UNUSED_VARIABLE = YES;
				IPHONEOS_DEPLOYMENT_TARGET = 15.0;
				LOCALIZATION_PREFERS_STRING_CATALOGS = YES;
				MTL_ENABLE_DEBUG_INFO = NO;
				MTL_FAST_MATH = YES;
				SDKROOT = iphoneos;
				SWIFT_COMPILATION_MODE = wholemodule;
				VALIDATE_PRODUCT = YES;
			};
			name = Release;
		};
		1596DCB42AD6B18B00E6D388 /* Debug */ = {
			isa = XCBuildConfiguration;
			buildSettings = {
				ASSETCATALOG_COMPILER_APPICON_NAME = AppIcon;
				ASSETCATALOG_COMPILER_GLOBAL_ACCENT_COLOR_NAME = AccentColor;
				CODE_SIGN_STYLE = Automatic;
				CURRENT_PROJECT_VERSION = 1;
				GENERATE_INFOPLIST_FILE = YES;
				INFOPLIST_FILE = BeforeIn/Info.plist;
				INFOPLIST_KEY_UIApplicationSupportsIndirectInputEvents = YES;
				INFOPLIST_KEY_UILaunchStoryboardName = LaunchScreen;
				INFOPLIST_KEY_UISupportedInterfaceOrientations_iPad = "UIInterfaceOrientationPortrait UIInterfaceOrientationPortraitUpsideDown UIInterfaceOrientationLandscapeLeft UIInterfaceOrientationLandscapeRight";
				INFOPLIST_KEY_UISupportedInterfaceOrientations_iPhone = "UIInterfaceOrientationPortrait UIInterfaceOrientationLandscapeLeft UIInterfaceOrientationLandscapeRight";
				IPHONEOS_DEPLOYMENT_TARGET = 15.0;
				LD_RUNPATH_SEARCH_PATHS = (
					"$(inherited)",
					"@executable_path/Frameworks",
				);
				MARKETING_VERSION = 1.0;
				PRODUCT_BUNDLE_IDENTIFIER = chanho.BeforeIn;
				PRODUCT_NAME = "$(TARGET_NAME)";
				SWIFT_EMIT_LOC_STRINGS = YES;
				SWIFT_VERSION = 5.0;
				TARGETED_DEVICE_FAMILY = "1,2";
			};
			name = Debug;
		};
		1596DCB52AD6B18B00E6D388 /* Release */ = {
			isa = XCBuildConfiguration;
			buildSettings = {
				ASSETCATALOG_COMPILER_APPICON_NAME = AppIcon;
				ASSETCATALOG_COMPILER_GLOBAL_ACCENT_COLOR_NAME = AccentColor;
				CODE_SIGN_STYLE = Automatic;
				CURRENT_PROJECT_VERSION = 1;
				GENERATE_INFOPLIST_FILE = YES;
				INFOPLIST_FILE = BeforeIn/Info.plist;
				INFOPLIST_KEY_UIApplicationSupportsIndirectInputEvents = YES;
				INFOPLIST_KEY_UILaunchStoryboardName = LaunchScreen;
				INFOPLIST_KEY_UISupportedInterfaceOrientations_iPad = "UIInterfaceOrientationPortrait UIInterfaceOrientationPortraitUpsideDown UIInterfaceOrientationLandscapeLeft UIInterfaceOrientationLandscapeRight";
				INFOPLIST_KEY_UISupportedInterfaceOrientations_iPhone = "UIInterfaceOrientationPortrait UIInterfaceOrientationLandscapeLeft UIInterfaceOrientationLandscapeRight";
				IPHONEOS_DEPLOYMENT_TARGET = 15.0;
				LD_RUNPATH_SEARCH_PATHS = (
					"$(inherited)",
					"@executable_path/Frameworks",
				);
				MARKETING_VERSION = 1.0;
				PRODUCT_BUNDLE_IDENTIFIER = chanho.BeforeIn;
				PRODUCT_NAME = "$(TARGET_NAME)";
				SWIFT_EMIT_LOC_STRINGS = YES;
				SWIFT_VERSION = 5.0;
				TARGETED_DEVICE_FAMILY = "1,2";
			};
			name = Release;
		};
/* End XCBuildConfiguration section */

/* Begin XCConfigurationList section */
		1596DC9A2AD6B18A00E6D388 /* Build configuration list for PBXProject "BeforeIn" */ = {
			isa = XCConfigurationList;
			buildConfigurations = (
				1596DCB12AD6B18B00E6D388 /* Debug */,
				1596DCB22AD6B18B00E6D388 /* Release */,
			);
			defaultConfigurationIsVisible = 0;
			defaultConfigurationName = Release;
		};
		1596DCB32AD6B18B00E6D388 /* Build configuration list for PBXNativeTarget "BeforeIn" */ = {
			isa = XCConfigurationList;
			buildConfigurations = (
				1596DCB42AD6B18B00E6D388 /* Debug */,
				1596DCB52AD6B18B00E6D388 /* Release */,
			);
			defaultConfigurationIsVisible = 0;
			defaultConfigurationName = Release;
		};
/* End XCConfigurationList section */

/* Begin XCRemoteSwiftPackageReference section */
		1596DCD02AD6B31F00E6D388 /* XCRemoteSwiftPackageReference "SnapKit" */ = {
			isa = XCRemoteSwiftPackageReference;
			repositoryURL = "https://github.com/SnapKit/SnapKit.git";
			requirement = {
				kind = upToNextMajorVersion;
				minimumVersion = 5.6.0;
			};
		};
		1596DCD52AD6B32900E6D388 /* XCRemoteSwiftPackageReference "Then" */ = {
			isa = XCRemoteSwiftPackageReference;
			repositoryURL = "https://github.com/devxoul/Then.git";
			requirement = {
				kind = upToNextMajorVersion;
				minimumVersion = 3.0.0;
			};
		};
		1596DCD82AD6B33700E6D388 /* XCRemoteSwiftPackageReference "Gifu" */ = {
			isa = XCRemoteSwiftPackageReference;
			repositoryURL = "https://github.com/kaishin/Gifu.git";
			requirement = {
				branch = master;
				kind = branch;
			};
		};
		159B78C62ADE10DD00FE210E /* XCRemoteSwiftPackageReference "firebase-ios-sdk" */ = {
			isa = XCRemoteSwiftPackageReference;
			repositoryURL = "https://github.com/firebase/firebase-ios-sdk.git";
			requirement = {
				kind = upToNextMajorVersion;
				minimumVersion = 10.16.0;
			};
		};
/* End XCRemoteSwiftPackageReference section */

/* Begin XCSwiftPackageProductDependency section */
		1596DCD12AD6B31F00E6D388 /* SnapKit */ = {
			isa = XCSwiftPackageProductDependency;
			package = 1596DCD02AD6B31F00E6D388 /* XCRemoteSwiftPackageReference "SnapKit" */;
			productName = SnapKit;
		};
		1596DCD62AD6B32900E6D388 /* Then */ = {
			isa = XCSwiftPackageProductDependency;
			package = 1596DCD52AD6B32900E6D388 /* XCRemoteSwiftPackageReference "Then" */;
			productName = Then;
		};
		1596DCD92AD6B33700E6D388 /* Gifu */ = {
			isa = XCSwiftPackageProductDependency;
			package = 1596DCD82AD6B33700E6D388 /* XCRemoteSwiftPackageReference "Gifu" */;
			productName = Gifu;
		};
		159B78C72ADE10DD00FE210E /* FirebaseAnalytics */ = {
			isa = XCSwiftPackageProductDependency;
			package = 159B78C62ADE10DD00FE210E /* XCRemoteSwiftPackageReference "firebase-ios-sdk" */;
			productName = FirebaseAnalytics;
		};
		159B78C92ADE10DD00FE210E /* FirebaseAnalyticsOnDeviceConversion */ = {
			isa = XCSwiftPackageProductDependency;
			package = 159B78C62ADE10DD00FE210E /* XCRemoteSwiftPackageReference "firebase-ios-sdk" */;
			productName = FirebaseAnalyticsOnDeviceConversion;
		};
		159B78CB2ADE10DD00FE210E /* FirebaseAnalyticsSwift */ = {
			isa = XCSwiftPackageProductDependency;
			package = 159B78C62ADE10DD00FE210E /* XCRemoteSwiftPackageReference "firebase-ios-sdk" */;
			productName = FirebaseAnalyticsSwift;
		};
		159B78CD2ADE10DD00FE210E /* FirebaseAnalyticsWithoutAdIdSupport */ = {
			isa = XCSwiftPackageProductDependency;
			package = 159B78C62ADE10DD00FE210E /* XCRemoteSwiftPackageReference "firebase-ios-sdk" */;
			productName = FirebaseAnalyticsWithoutAdIdSupport;
		};
		159B78CF2ADE10DD00FE210E /* FirebaseAppCheck */ = {
			isa = XCSwiftPackageProductDependency;
			package = 159B78C62ADE10DD00FE210E /* XCRemoteSwiftPackageReference "firebase-ios-sdk" */;
			productName = FirebaseAppCheck;
		};
		159B78FD2ADE6DE600FE210E /* FirebaseAnalytics */ = {
			isa = XCSwiftPackageProductDependency;
			productName = FirebaseAnalytics;
		};
		159B78FF2ADE6DE600FE210E /* FirebaseAnalyticsOnDeviceConversion */ = {
			isa = XCSwiftPackageProductDependency;
			productName = FirebaseAnalyticsOnDeviceConversion;
		};
		159B79012ADE6DE600FE210E /* FirebaseAnalyticsSwift */ = {
			isa = XCSwiftPackageProductDependency;
			productName = FirebaseAnalyticsSwift;
		};
		159B79032ADE6DE600FE210E /* FirebaseAnalyticsWithoutAdIdSupport */ = {
			isa = XCSwiftPackageProductDependency;
			productName = FirebaseAnalyticsWithoutAdIdSupport;
		};
		159B79052ADE6DE600FE210E /* FirebaseAppCheck */ = {
			isa = XCSwiftPackageProductDependency;
			productName = FirebaseAppCheck;
		};
		159B79072ADE6DE600FE210E /* FirebaseAppDistribution-Beta */ = {
			isa = XCSwiftPackageProductDependency;
			productName = "FirebaseAppDistribution-Beta";
		};
		159B79092ADE6DE600FE210E /* FirebaseAuth */ = {
			isa = XCSwiftPackageProductDependency;
			productName = FirebaseAuth;
		};
		159B790B2ADE6DE600FE210E /* FirebaseAuthCombine-Community */ = {
			isa = XCSwiftPackageProductDependency;
			productName = "FirebaseAuthCombine-Community";
		};
		159B790D2ADE6DE600FE210E /* FirebaseCrashlytics */ = {
			isa = XCSwiftPackageProductDependency;
			productName = FirebaseCrashlytics;
		};
		159B790F2ADE6DE600FE210E /* FirebaseDatabase */ = {
			isa = XCSwiftPackageProductDependency;
			productName = FirebaseDatabase;
		};
		159B79112ADE6DE600FE210E /* FirebaseDatabaseSwift */ = {
			isa = XCSwiftPackageProductDependency;
			productName = FirebaseDatabaseSwift;
		};
		159B79132ADE6DE600FE210E /* FirebaseDynamicLinks */ = {
			isa = XCSwiftPackageProductDependency;
			productName = FirebaseDynamicLinks;
		};
		159B79152ADE6DE600FE210E /* FirebaseFirestore */ = {
			isa = XCSwiftPackageProductDependency;
			productName = FirebaseFirestore;
		};
		159B79172ADE6DE600FE210E /* FirebaseFirestoreCombine-Community */ = {
			isa = XCSwiftPackageProductDependency;
			productName = "FirebaseFirestoreCombine-Community";
		};
		159B79192ADE6DE600FE210E /* FirebaseFirestoreSwift */ = {
			isa = XCSwiftPackageProductDependency;
			productName = FirebaseFirestoreSwift;
		};
		159B791B2ADE6DE600FE210E /* FirebaseFunctions */ = {
			isa = XCSwiftPackageProductDependency;
			productName = FirebaseFunctions;
		};
		159B791D2ADE6DE600FE210E /* FirebaseFunctionsCombine-Community */ = {
			isa = XCSwiftPackageProductDependency;
			productName = "FirebaseFunctionsCombine-Community";
		};
		159B791F2ADE6DE600FE210E /* FirebaseInAppMessaging-Beta */ = {
			isa = XCSwiftPackageProductDependency;
			productName = "FirebaseInAppMessaging-Beta";
		};
		159B79212ADE6DE600FE210E /* FirebaseInAppMessagingSwift-Beta */ = {
			isa = XCSwiftPackageProductDependency;
			productName = "FirebaseInAppMessagingSwift-Beta";
		};
		159B79232ADE6DE600FE210E /* FirebaseInstallations */ = {
			isa = XCSwiftPackageProductDependency;
			productName = FirebaseInstallations;
		};
		159B79252ADE6DE600FE210E /* FirebaseMLModelDownloader */ = {
			isa = XCSwiftPackageProductDependency;
			productName = FirebaseMLModelDownloader;
		};
		159B79272ADE6DE600FE210E /* FirebaseMessaging */ = {
			isa = XCSwiftPackageProductDependency;
			productName = FirebaseMessaging;
		};
		159B79292ADE6DE600FE210E /* FirebasePerformance */ = {
			isa = XCSwiftPackageProductDependency;
			productName = FirebasePerformance;
		};
		159B792B2ADE6DE600FE210E /* FirebaseRemoteConfig */ = {
			isa = XCSwiftPackageProductDependency;
			productName = FirebaseRemoteConfig;
		};
		159B792D2ADE6DE600FE210E /* FirebaseRemoteConfigSwift */ = {
			isa = XCSwiftPackageProductDependency;
			productName = FirebaseRemoteConfigSwift;
		};
		159B792F2ADE6DE600FE210E /* FirebaseStorage */ = {
			isa = XCSwiftPackageProductDependency;
			productName = FirebaseStorage;
		};
		159B79312ADE6DE600FE210E /* FirebaseStorageCombine-Community */ = {
			isa = XCSwiftPackageProductDependency;
			productName = "FirebaseStorageCombine-Community";
		};
/* End XCSwiftPackageProductDependency section */
	};
	rootObject = 1596DC972AD6B18A00E6D388 /* Project object */;
}
